
Microsoft Visual Studio Solution File, Format Version 12.00
Project("{FAE04EC0-301F-11D3-BF4B-00C04F79EFBC}") = "DecoratorFTW", "DecoratorFTW\DecoratorFTW.csproj", "{0BBBCC83-EF8D-4F7B-8BED-F4AD8B5227A1}"
EndProject
Global
	GlobalSection(SolutionConfigurationPlatforms) = preSolution
		Debug|Any CPU = Debug|Any CPU
		Release|Any CPU = Release|Any CPU
	EndGlobalSection
	GlobalSection(ProjectConfigurationPlatforms) = postSolution
		{0BBBCC83-EF8D-4F7B-8BED-F4AD8B5227A1}.Debug|Any CPU.ActiveCfg = Debug|Any CPU
		{0BBBCC83-EF8D-4F7B-8BED-F4AD8B5227A1}.Debug|Any CPU.Build.0 = Debug|Any CPU
		{0BBBCC83-EF8D-4F7B-8BED-F4AD8B5227A1}.Release|Any CPU.ActiveCfg = Release|Any CPU
		{0BBBCC83-EF8D-4F7B-8BED-F4AD8B5227A1}.Release|Any CPU.Build.0 = Release|Any CPU
	EndGlobalSection
EndGlobal
